
Microsoft Visual Studio Solution File, Format Version 12.00
# Visual Studio Version 17
VisualStudioVersion = 17.4.33110.190
MinimumVisualStudioVersion = 10.0.40219.1
Project("{FAE04EC0-301F-11D3-BF4B-00C04F79EFBC}") = "AutoFixtureTester", "AutoFixtureTester\AutoFixtureTester.csproj", "{71813F55-ACA9-4BBA-AE22-01600A108EBA}"
EndProject
Global
	GlobalSection(SolutionConfigurationPlatforms) = preSolution
		Debug|Any CPU = Debug|Any CPU
		Release|Any CPU = Release|Any CPU
	EndGlobalSection
	GlobalSection(ProjectConfigurationPlatforms) = postSolution
		{71813F55-ACA9-4BBA-AE22-01600A108EBA}.Debug|Any CPU.ActiveCfg = Debug|Any CPU
		{71813F55-ACA9-4BBA-AE22-01600A108EBA}.Debug|Any CPU.Build.0 = Debug|Any CPU
		{71813F55-ACA9-4BBA-AE22-01600A108EBA}.Release|Any CPU.ActiveCfg = Release|Any CPU
		{71813F55-ACA9-4BBA-AE22-01600A108EBA}.Release|Any CPU.Build.0 = Release|Any CPU
	EndGlobalSection
	GlobalSection(SolutionProperties) = preSolution
		HideSolutionNode = FALSE
	EndGlobalSection
	GlobalSection(ExtensibilityGlobals) = postSolution
		SolutionGuid = {683534B7-A151-4E03-9BAE-4A53FF57444C}
	EndGlobalSection
EndGlobal
